
Microsoft Visual Studio Solution File, Format Version 12.00
# Visual Studio Version 17
VisualStudioVersion = 17.11.35327.3
MinimumVisualStudioVersion = 10.0.40219.1
Project("{FAE04EC0-301F-11D3-BF4B-00C04F79EFBC}") = "PinataNET", "PinataNET\PinataNET.csproj", "{864932E4-1440-47E8-A0DD-9E43B86BBCB7}"
EndProject
Global
	GlobalSection(SolutionConfigurationPlatforms) = preSolution
		Debug|Any CPU = Debug|Any CPU
		Release|Any CPU = Release|Any CPU
	EndGlobalSection
	GlobalSection(ProjectConfigurationPlatforms) = postSolution
		{864932E4-1440-47E8-A0DD-9E43B86BBCB7}.Debug|Any CPU.ActiveCfg = Debug|Any CPU
		{864932E4-1440-47E8-A0DD-9E43B86BBCB7}.Debug|Any CPU.Build.0 = Debug|Any CPU
		{864932E4-1440-47E8-A0DD-9E43B86BBCB7}.Release|Any CPU.ActiveCfg = Release|Any CPU
		{864932E4-1440-47E8-A0DD-9E43B86BBCB7}.Release|Any CPU.Build.0 = Release|Any CPU
	EndGlobalSection
	GlobalSection(SolutionProperties) = preSolution
		HideSolutionNode = FALSE
	EndGlobalSection
	GlobalSection(ExtensibilityGlobals) = postSolution
		SolutionGuid = {3DD8EAF8-DAE5-4FD8-B54B-15DF60AF8A10}
	EndGlobalSection
EndGlobal
